// !$*UTF8*$!
{
	archiveVersion = 1;
	classes = {
	};
	objectVersion = 56;
	objects = {

/* Begin PBXBuildFile section */
		B82F7F7F29C7F1C50070BBAB /* LTexture.cpp in Sources */ = {isa = PBXBuildFile; fileRef = B82F7F7D29C7F1C50070BBAB /* LTexture.cpp */; };
		B82F7F8529CAF16E0070BBAB /* Dot.cpp in Sources */ = {isa = PBXBuildFile; fileRef = B82F7F8329CAF16E0070BBAB /* Dot.cpp */; };
		B82F7F8829CAF8730070BBAB /* Hero.cpp in Sources */ = {isa = PBXBuildFile; fileRef = B82F7F8629CAF8730070BBAB /* Hero.cpp */; };
		B8DDDB6629C4CAC000F4F1C7 /* main.cpp in Sources */ = {isa = PBXBuildFile; fileRef = B8DDDB6529C4CAC000F4F1C7 /* main.cpp */; };
		B8DDDB7129C4CAE500F4F1C7 /* SDL2_ttf.framework in Frameworks */ = {isa = PBXBuildFile; fileRef = B8DDDB6D29C4CAE400F4F1C7 /* SDL2_ttf.framework */; };
		B8DDDB7229C4CAE500F4F1C7 /* SDL2.framework in Frameworks */ = {isa = PBXBuildFile; fileRef = B8DDDB6E29C4CAE400F4F1C7 /* SDL2.framework */; };
		B8DDDB7329C4CAE500F4F1C7 /* SDL2_image.framework in Frameworks */ = {isa = PBXBuildFile; fileRef = B8DDDB6F29C4CAE500F4F1C7 /* SDL2_image.framework */; };
/* End PBXBuildFile section */

/* Begin PBXCopyFilesBuildPhase section */
		B8DDDB6029C4CAC000F4F1C7 /* CopyFiles */ = {
			isa = PBXCopyFilesBuildPhase;
			buildActionMask = 2147483647;
			dstPath = /usr/share/man/man1/;
			dstSubfolderSpec = 0;
			files = (
			);
			runOnlyForDeploymentPostprocessing = 1;
		};
/* End PBXCopyFilesBuildPhase section */

/* Begin PBXFileReference section */
		B82F7F7D29C7F1C50070BBAB /* LTexture.cpp */ = {isa = PBXFileReference; lastKnownFileType = sourcecode.cpp.cpp; path = LTexture.cpp; sourceTree = "<group>"; };
		B82F7F7E29C7F1C50070BBAB /* LTexture.hpp */ = {isa = PBXFileReference; lastKnownFileType = sourcecode.cpp.h; path = LTexture.hpp; sourceTree = "<group>"; };
		B82F7F8329CAF16E0070BBAB /* Dot.cpp */ = {isa = PBXFileReference; lastKnownFileType = sourcecode.cpp.cpp; path = Dot.cpp; sourceTree = "<group>"; };
		B82F7F8429CAF16E0070BBAB /* Dot.hpp */ = {isa = PBXFileReference; lastKnownFileType = sourcecode.cpp.h; path = Dot.hpp; sourceTree = "<group>"; };
		B82F7F8629CAF8730070BBAB /* Hero.cpp */ = {isa = PBXFileReference; lastKnownFileType = sourcecode.cpp.cpp; path = Hero.cpp; sourceTree = "<group>"; };
		B82F7F8729CAF8730070BBAB /* Hero.hpp */ = {isa = PBXFileReference; lastKnownFileType = sourcecode.cpp.h; path = Hero.hpp; sourceTree = "<group>"; };
		B8DDDB6229C4CAC000F4F1C7 /* Game:Clash_of_Olympians */ = {isa = PBXFileReference; explicitFileType = "compiled.mach-o.executable"; includeInIndex = 0; path = "Game:Clash_of_Olympians"; sourceTree = BUILT_PRODUCTS_DIR; };
		B8DDDB6529C4CAC000F4F1C7 /* main.cpp */ = {isa = PBXFileReference; lastKnownFileType = sourcecode.cpp.cpp; path = main.cpp; sourceTree = "<group>"; };
		B8DDDB6D29C4CAE400F4F1C7 /* SDL2_ttf.framework */ = {isa = PBXFileReference; lastKnownFileType = wrapper.framework; name = SDL2_ttf.framework; path = ../../../../../../Library/Frameworks/SDL2_ttf.framework; sourceTree = "<group>"; };
		B8DDDB6E29C4CAE400F4F1C7 /* SDL2.framework */ = {isa = PBXFileReference; lastKnownFileType = wrapper.framework; name = SDL2.framework; path = ../../../../../../Library/Frameworks/SDL2.framework; sourceTree = "<group>"; };
		B8DDDB6F29C4CAE500F4F1C7 /* SDL2_image.framework */ = {isa = PBXFileReference; lastKnownFileType = wrapper.framework; name = SDL2_image.framework; path = ../../../../../../Library/Frameworks/SDL2_image.framework; sourceTree = "<group>"; };
		B8DDDB7C29C71C7100F4F1C7 /* header1.hpp */ = {isa = PBXFileReference; lastKnownFileType = sourcecode.cpp.h; path = header1.hpp; sourceTree = "<group>"; };
/* End PBXFileReference section */

/* Begin PBXFrameworksBuildPhase section */
		B8DDDB5F29C4CAC000F4F1C7 /* Frameworks */ = {
			isa = PBXFrameworksBuildPhase;
			buildActionMask = 2147483647;
			files = (
				B8DDDB7129C4CAE500F4F1C7 /* SDL2_ttf.framework in Frameworks */,
				B8DDDB7229C4CAE500F4F1C7 /* SDL2.framework in Frameworks */,
				B8DDDB7329C4CAE500F4F1C7 /* SDL2_image.framework in Frameworks */,
			);
			runOnlyForDeploymentPostprocessing = 0;
		};
/* End PBXFrameworksBuildPhase section */

/* Begin PBXGroup section */
		B8DDDB5929C4CAC000F4F1C7 = {
			isa = PBXGroup;
			children = (
				B8DDDB6429C4CAC000F4F1C7 /* Game:Clash_of_Olympians */,
				B8DDDB6329C4CAC000F4F1C7 /* Products */,
				B8DDDB6C29C4CAE400F4F1C7 /* Frameworks */,
			);
			sourceTree = "<group>";
		};
		B8DDDB6329C4CAC000F4F1C7 /* Products */ = {
			isa = PBXGroup;
			children = (
				B8DDDB6229C4CAC000F4F1C7 /* Game:Clash_of_Olympians */,
			);
			name = Products;
			sourceTree = "<group>";
		};
		B8DDDB6429C4CAC000F4F1C7 /* Game:Clash_of_Olympians */ = {
			isa = PBXGroup;
			children = (
				B8DDDB6529C4CAC000F4F1C7 /* main.cpp */,
				B8DDDB7C29C71C7100F4F1C7 /* header1.hpp */,
				B82F7F7D29C7F1C50070BBAB /* LTexture.cpp */,
				B82F7F7E29C7F1C50070BBAB /* LTexture.hpp */,
				B82F7F8329CAF16E0070BBAB /* Dot.cpp */,
				B82F7F8429CAF16E0070BBAB /* Dot.hpp */,
				B82F7F8629CAF8730070BBAB /* Hero.cpp */,
				B82F7F8729CAF8730070BBAB /* Hero.hpp */,
			);
			path = "Game:Clash_of_Olympians";
			sourceTree = "<group>";
		};
		B8DDDB6C29C4CAE400F4F1C7 /* Frameworks */ = {
			isa = PBXGroup;
			children = (
				B8DDDB6F29C4CAE500F4F1C7 /* SDL2_image.framework */,
				B8DDDB6D29C4CAE400F4F1C7 /* SDL2_ttf.framework */,
				B8DDDB6E29C4CAE400F4F1C7 /* SDL2.framework */,
			);
			name = Frameworks;
			sourceTree = "<group>";
		};
/* End PBXGroup section */

/* Begin PBXNativeTarget section */
		B8DDDB6129C4CAC000F4F1C7 /* Game:Clash_of_Olympians */ = {
			isa = PBXNativeTarget;
			buildConfigurationList = B8DDDB6929C4CAC000F4F1C7 /* Build configuration list for PBXNativeTarget "Game:Clash_of_Olympians" */;
			buildPhases = (
				B8DDDB5E29C4CAC000F4F1C7 /* Sources */,
				B8DDDB5F29C4CAC000F4F1C7 /* Frameworks */,
				B8DDDB6029C4CAC000F4F1C7 /* CopyFiles */,
			);
			buildRules = (
			);
			dependencies = (
			);
			name = "Game:Clash_of_Olympians";
			productName = "Game:Clash_of_Olympians";
			productReference = B8DDDB6229C4CAC000F4F1C7 /* Game:Clash_of_Olympians */;
			productType = "com.apple.product-type.tool";
		};
/* End PBXNativeTarget section */

/* Begin PBXProject section */
		B8DDDB5A29C4CAC000F4F1C7 /* Project object */ = {
			isa = PBXProject;
			attributes = {
				BuildIndependentTargetsInParallel = 1;
				LastUpgradeCheck = 1420;
				TargetAttributes = {
					B8DDDB6129C4CAC000F4F1C7 = {
						CreatedOnToolsVersion = 14.2;
					};
				};
			};
			buildConfigurationList = B8DDDB5D29C4CAC000F4F1C7 /* Build configuration list for PBXProject "Game:Clash_of_Olympians" */;
			compatibilityVersion = "Xcode 14.0";
			developmentRegion = en;
			hasScannedForEncodings = 0;
			knownRegions = (
				en,
				Base,
			);
			mainGroup = B8DDDB5929C4CAC000F4F1C7;
			productRefGroup = B8DDDB6329C4CAC000F4F1C7 /* Products */;
			projectDirPath = "";
			projectRoot = "";
			targets = (
				B8DDDB6129C4CAC000F4F1C7 /* Game:Clash_of_Olympians */,
			);
		};
/* End PBXProject section */

/* Begin PBXSourcesBuildPhase section */
		B8DDDB5E29C4CAC000F4F1C7 /* Sources */ = {
			isa = PBXSourcesBuildPhase;
			buildActionMask = 2147483647;
			files = (
				B82F7F8529CAF16E0070BBAB /* Dot.cpp in Sources */,
				B8DDDB6629C4CAC000F4F1C7 /* main.cpp in Sources */,
				B82F7F7F29C7F1C50070BBAB /* LTexture.cpp in Sources */,
				B82F7F8829CAF8730070BBAB /* Hero.cpp in Sources */,
			);
			runOnlyForDeploymentPostprocessing = 0;
		};
/* End PBXSourcesBuildPhase section */

/* Begin XCBuildConfiguration section */
		B8DDDB6729C4CAC000F4F1C7 /* Debug */ = {
			isa = XCBuildConfiguration;
			buildSettings = {
				ALWAYS_SEARCH_USER_PATHS = NO;
				CLANG_ANALYZER_NONNULL = YES;
				CLANG_ANALYZER_NUMBER_OBJECT_CONVERSION = YES_AGGRESSIVE;
				CLANG_CXX_LANGUAGE_STANDARD = "gnu++20";
				CLANG_ENABLE_MODULES = YES;
				CLANG_ENABLE_OBJC_ARC = YES;
				CLANG_ENABLE_OBJC_WEAK = YES;
				CLANG_WARN_BLOCK_CAPTURE_AUTORELEASING = YES;
				CLANG_WARN_BOOL_CONVERSION = YES;
				CLANG_WARN_COMMA = YES;
				CLANG_WARN_CONSTANT_CONVERSION = YES;
				CLANG_WARN_DEPRECATED_OBJC_IMPLEMENTATIONS = YES;
				CLANG_WARN_DIRECT_OBJC_ISA_USAGE = YES_ERROR;
				CLANG_WARN_DOCUMENTATION_COMMENTS = YES;
				CLANG_WARN_EMPTY_BODY = YES;
				CLANG_WARN_ENUM_CONVERSION = YES;
				CLANG_WARN_INFINITE_RECURSION = YES;
				CLANG_WARN_INT_CONVERSION = YES;
				CLANG_WARN_NON_LITERAL_NULL_CONVERSION = YES;
				CLANG_WARN_OBJC_IMPLICIT_RETAIN_SELF = YES;
				CLANG_WARN_OBJC_LITERAL_CONVERSION = YES;
				CLANG_WARN_OBJC_ROOT_CLASS = YES_ERROR;
				CLANG_WARN_QUOTED_INCLUDE_IN_FRAMEWORK_HEADER = YES;
				CLANG_WARN_RANGE_LOOP_ANALYSIS = YES;
				CLANG_WARN_STRICT_PROTOTYPES = YES;
				CLANG_WARN_SUSPICIOUS_MOVE = YES;
				CLANG_WARN_UNGUARDED_AVAILABILITY = YES_AGGRESSIVE;
				CLANG_WARN_UNREACHABLE_CODE = YES;
				CLANG_WARN__DUPLICATE_METHOD_MATCH = YES;
				COPY_PHASE_STRIP = NO;
				DEBUG_INFORMATION_FORMAT = dwarf;
				ENABLE_STRICT_OBJC_MSGSEND = YES;
				ENABLE_TESTABILITY = YES;
				GCC_C_LANGUAGE_STANDARD = gnu11;
				GCC_DYNAMIC_NO_PIC = NO;
				GCC_NO_COMMON_BLOCKS = YES;
				GCC_OPTIMIZATION_LEVEL = 0;
				GCC_PREPROCESSOR_DEFINITIONS = (
					"DEBUG=1",
					"$(inherited)",
				);
				GCC_WARN_64_TO_32_BIT_CONVERSION = YES;
				GCC_WARN_ABOUT_RETURN_TYPE = YES_ERROR;
				GCC_WARN_UNDECLARED_SELECTOR = YES;
				GCC_WARN_UNINITIALIZED_AUTOS = YES_AGGRESSIVE;
				GCC_WARN_UNUSED_FUNCTION = YES;
				GCC_WARN_UNUSED_VARIABLE = YES;
				MACOSX_DEPLOYMENT_TARGET = 12.6;
				MTL_ENABLE_DEBUG_INFO = INCLUDE_SOURCE;
				MTL_FAST_MATH = YES;
				ONLY_ACTIVE_ARCH = YES;
				SDKROOT = macosx;
			};
			name = Debug;
		};
		B8DDDB6829C4CAC000F4F1C7 /* Release */ = {
			isa = XCBuildConfiguration;
			buildSettings = {
				ALWAYS_SEARCH_USER_PATHS = NO;
				CLANG_ANALYZER_NONNULL = YES;
				CLANG_ANALYZER_NUMBER_OBJECT_CONVERSION = YES_AGGRESSIVE;
				CLANG_CXX_LANGUAGE_STANDARD = "gnu++20";
				CLANG_ENABLE_MODULES = YES;
				CLANG_ENABLE_OBJC_ARC = YES;
				CLANG_ENABLE_OBJC_WEAK = YES;
				CLANG_WARN_BLOCK_CAPTURE_AUTORELEASING = YES;
				CLANG_WARN_BOOL_CONVERSION = YES;
				CLANG_WARN_COMMA = YES;
				CLANG_WARN_CONSTANT_CONVERSION = YES;
				CLANG_WARN_DEPRECATED_OBJC_IMPLEMENTATIONS = YES;
				CLANG_WARN_DIRECT_OBJC_ISA_USAGE = YES_ERROR;
				CLANG_WARN_DOCUMENTATION_COMMENTS = YES;
				CLANG_WARN_EMPTY_BODY = YES;
				CLANG_WARN_ENUM_CONVERSION = YES;
				CLANG_WARN_INFINITE_RECURSION = YES;
				CLANG_WARN_INT_CONVERSION = YES;
				CLANG_WARN_NON_LITERAL_NULL_CONVERSION = YES;
				CLANG_WARN_OBJC_IMPLICIT_RETAIN_SELF = YES;
				CLANG_WARN_OBJC_LITERAL_CONVERSION = YES;
				CLANG_WARN_OBJC_ROOT_CLASS = YES_ERROR;
				CLANG_WARN_QUOTED_INCLUDE_IN_FRAMEWORK_HEADER = YES;
				CLANG_WARN_RANGE_LOOP_ANALYSIS = YES;
				CLANG_WARN_STRICT_PROTOTYPES = YES;
				CLANG_WARN_SUSPICIOUS_MOVE = YES;
				CLANG_WARN_UNGUARDED_AVAILABILITY = YES_AGGRESSIVE;
				CLANG_WARN_UNREACHABLE_CODE = YES;
				CLANG_WARN__DUPLICATE_METHOD_MATCH = YES;
				COPY_PHASE_STRIP = NO;
				DEBUG_INFORMATION_FORMAT = "dwarf-with-dsym";
				ENABLE_NS_ASSERTIONS = NO;
				ENABLE_STRICT_OBJC_MSGSEND = YES;
				GCC_C_LANGUAGE_STANDARD = gnu11;
				GCC_NO_COMMON_BLOCKS = YES;
				GCC_WARN_64_TO_32_BIT_CONVERSION = YES;
				GCC_WARN_ABOUT_RETURN_TYPE = YES_ERROR;
				GCC_WARN_UNDECLARED_SELECTOR = YES;
				GCC_WARN_UNINITIALIZED_AUTOS = YES_AGGRESSIVE;
				GCC_WARN_UNUSED_FUNCTION = YES;
				GCC_WARN_UNUSED_VARIABLE = YES;
				MACOSX_DEPLOYMENT_TARGET = 12.6;
				MTL_ENABLE_DEBUG_INFO = NO;
				MTL_FAST_MATH = YES;
				SDKROOT = macosx;
			};
			name = Release;
		};
		B8DDDB6A29C4CAC000F4F1C7 /* Debug */ = {
			isa = XCBuildConfiguration;
			buildSettings = {
				CODE_SIGN_STYLE = Automatic;
				FRAMEWORK_SEARCH_PATHS = (
					"$(inherited)",
					"$(LOCAL_LIBRARY_DIR)/Frameworks",
				);
				PRODUCT_NAME = "$(TARGET_NAME)";
			};
			name = Debug;
		};
		B8DDDB6B29C4CAC000F4F1C7 /* Release */ = {
			isa = XCBuildConfiguration;
			buildSettings = {
				CODE_SIGN_STYLE = Automatic;
				FRAMEWORK_SEARCH_PATHS = (
					"$(inherited)",
					"$(LOCAL_LIBRARY_DIR)/Frameworks",
				);
				PRODUCT_NAME = "$(TARGET_NAME)";
			};
			name = Release;
		};
/* End XCBuildConfiguration section */

/* Begin XCConfigurationList section */
		B8DDDB5D29C4CAC000F4F1C7 /* Build configuration list for PBXProject "Game:Clash_of_Olympians" */ = {
			isa = XCConfigurationList;
			buildConfigurations = (
				B8DDDB6729C4CAC000F4F1C7 /* Debug */,
				B8DDDB6829C4CAC000F4F1C7 /* Release */,
			);
			defaultConfigurationIsVisible = 0;
			defaultConfigurationName = Release;
		};
		B8DDDB6929C4CAC000F4F1C7 /* Build configuration list for PBXNativeTarget "Game:Clash_of_Olympians" */ = {
			isa = XCConfigurationList;
			buildConfigurations = (
				B8DDDB6A29C4CAC000F4F1C7 /* Debug */,
				B8DDDB6B29C4CAC000F4F1C7 /* Release */,
			);
			defaultConfigurationIsVisible = 0;
			defaultConfigurationName = Release;
		};
/* End XCConfigurationList section */
	};
	rootObject = B8DDDB5A29C4CAC000F4F1C7 /* Project object */;
}
